// !$*UTF8*$!
{
	archiveVersion = 1;
	classes = {
	};
	objectVersion = 50;
	objects = {

/* Begin PBXBuildFile section */
		623EB12826A167BC000628CB /* AppDelegate.swift in Sources */ = {isa = PBXBuildFile; fileRef = 623EB12726A167BC000628CB /* AppDelegate.swift */; };
		623EB12A26A167BC000628CB /* GameScene.sks in Resources */ = {isa = PBXBuildFile; fileRef = 623EB12926A167BC000628CB /* GameScene.sks */; };
		623EB12C26A167BC000628CB /* Actions.sks in Resources */ = {isa = PBXBuildFile; fileRef = 623EB12B26A167BC000628CB /* Actions.sks */; };
		623EB12E26A167BC000628CB /* GameScene.swift in Sources */ = {isa = PBXBuildFile; fileRef = 623EB12D26A167BC000628CB /* GameScene.swift */; };
		623EB13026A167BC000628CB /* GameViewController.swift in Sources */ = {isa = PBXBuildFile; fileRef = 623EB12F26A167BC000628CB /* GameViewController.swift */; };
		623EB13326A167BC000628CB /* Main.storyboard in Resources */ = {isa = PBXBuildFile; fileRef = 623EB13126A167BC000628CB /* Main.storyboard */; };
		623EB13526A167BE000628CB /* Assets.xcassets in Resources */ = {isa = PBXBuildFile; fileRef = 623EB13426A167BE000628CB /* Assets.xcassets */; };
		623EB14026A167BE000628CB /* Durian_RunTests.swift in Sources */ = {isa = PBXBuildFile; fileRef = 623EB13F26A167BE000628CB /* Durian_RunTests.swift */; };
		623EB14B26A167BE000628CB /* Durian_RunUITests.swift in Sources */ = {isa = PBXBuildFile; fileRef = 623EB14A26A167BE000628CB /* Durian_RunUITests.swift */; };
		623EB15926A16844000628CB /* NormalRun.atlas in Resources */ = {isa = PBXBuildFile; fileRef = 623EB15826A16844000628CB /* NormalRun.atlas */; };
		623EB15B26A16860000628CB /* AbsorbRun.atlas in Resources */ = {isa = PBXBuildFile; fileRef = 623EB15A26A16860000628CB /* AbsorbRun.atlas */; };
		623EB15D26A16878000628CB /* BoostRun.atlas in Resources */ = {isa = PBXBuildFile; fileRef = 623EB15C26A16878000628CB /* BoostRun.atlas */; };
		623EB15F26A16B0B000628CB /* Durian.swift in Sources */ = {isa = PBXBuildFile; fileRef = 623EB15E26A16B0B000628CB /* Durian.swift */; };
		623EB16126A17D50000628CB /* Platform.swift in Sources */ = {isa = PBXBuildFile; fileRef = 623EB16026A17D50000628CB /* Platform.swift */; };
		623EB16326A187D4000628CB /* HitMask.swift in Sources */ = {isa = PBXBuildFile; fileRef = 623EB16226A187D4000628CB /* HitMask.swift */; };
		623EB16726A52627000628CB /* Button.swift in Sources */ = {isa = PBXBuildFile; fileRef = 623EB16626A52627000628CB /* Button.swift */; };
		623EB16926A5406D000628CB /* StatusBar.swift in Sources */ = {isa = PBXBuildFile; fileRef = 623EB16826A5406D000628CB /* StatusBar.swift */; };
		623EB16D26A54BFD000628CB /* GameOverScene.swift in Sources */ = {isa = PBXBuildFile; fileRef = 623EB16C26A54BFD000628CB /* GameOverScene.swift */; };
		623EB16F26A54CDF000628CB /* MenuScene.swift in Sources */ = {isa = PBXBuildFile; fileRef = 623EB16E26A54CDF000628CB /* MenuScene.swift */; };
		623EB17626A66A3A000628CB /* Sun.swift in Sources */ = {isa = PBXBuildFile; fileRef = 623EB17526A66A3A000628CB /* Sun.swift */; };
		6270E11226A67FC300011319 /* Factory.swift in Sources */ = {isa = PBXBuildFile; fileRef = 6270E11126A67FC300011319 /* Factory.swift */; };
		6270E11426A6B31800011319 /* Enemy.swift in Sources */ = {isa = PBXBuildFile; fileRef = 6270E11326A6B31800011319 /* Enemy.swift */; };
		6270E11726A6B61800011319 /* Collectable.swift in Sources */ = {isa = PBXBuildFile; fileRef = 6270E11626A6B61800011319 /* Collectable.swift */; };
		6270E11926A6BA5C00011319 /* Fertilizer.swift in Sources */ = {isa = PBXBuildFile; fileRef = 6270E11826A6BA5C00011319 /* Fertilizer.swift */; };
		6270E11B26A7BBD000011319 /* Bug.swift in Sources */ = {isa = PBXBuildFile; fileRef = 6270E11A26A7BBD000011319 /* Bug.swift */; };
		6270E12226A976B800011319 /* Chaser.swift in Sources */ = {isa = PBXBuildFile; fileRef = 6270E12126A976B800011319 /* Chaser.swift */; };
		6270E12426AA9D5600011319 /* Supply.swift in Sources */ = {isa = PBXBuildFile; fileRef = 6270E12326AA9D5600011319 /* Supply.swift */; };
		6270E12626ABB9A100011319 /* Boundary.swift in Sources */ = {isa = PBXBuildFile; fileRef = 6270E12526ABB9A100011319 /* Boundary.swift */; };
		629301A926AE47AA00A087DA /* SeasonInfo.swift in Sources */ = {isa = PBXBuildFile; fileRef = 629301A826AE47AA00A087DA /* SeasonInfo.swift */; };
		629301AC26AEB70600A087DA /* StartMenuScene.swift in Sources */ = {isa = PBXBuildFile; fileRef = 629301AB26AEB70600A087DA /* StartMenuScene.swift */; };
		62CF787526B154FA00E573ED /* jump.mp3 in Resources */ = {isa = PBXBuildFile; fileRef = 62CF787226B154F900E573ED /* jump.mp3 */; };
		62CF787626B154FA00E573ED /* run.mp3 in Resources */ = {isa = PBXBuildFile; fileRef = 62CF787326B154F900E573ED /* run.mp3 */; };
		62CF787726B154FA00E573ED /* skywave.wav in Resources */ = {isa = PBXBuildFile; fileRef = 62CF787426B154FA00E573ED /* skywave.wav */; };
		62CF787926B2404800E573ED /* sword-attack.wav in Resources */ = {isa = PBXBuildFile; fileRef = 62CF787826B2404800E573ED /* sword-attack.wav */; };
		62CF787B26B242CE00E573ED /* powerup.wav in Resources */ = {isa = PBXBuildFile; fileRef = 62CF787A26B242CE00E573ED /* powerup.wav */; };
		62CF787D26B2891B00E573ED /* Fly.swift in Sources */ = {isa = PBXBuildFile; fileRef = 62CF787C26B2891B00E573ED /* Fly.swift */; };
		62CF788126B2988F00E573ED /* switch.wav in Resources */ = {isa = PBXBuildFile; fileRef = 62CF788026B2988F00E573ED /* switch.wav */; };
		C64B299126A8326B006A1FEB /* Extension_1.swift in Sources */ = {isa = PBXBuildFile; fileRef = C64B299026A8326B006A1FEB /* Extension_1.swift */; };
		C64B299326A83289006A1FEB /* Extension_2.swift in Sources */ = {isa = PBXBuildFile; fileRef = C64B299226A83289006A1FEB /* Extension_2.swift */; };
		C64B29D226A9213B006A1FEB /* Rain.swift in Sources */ = {isa = PBXBuildFile; fileRef = C64B29D126A9213B006A1FEB /* Rain.swift */; };
		C6A5A8C426B29FFD0025B2B4 /* ViewController.swift in Sources */ = {isa = PBXBuildFile; fileRef = C6A5A8C326B29FFD0025B2B4 /* ViewController.swift */; };
/* End PBXBuildFile section */

/* Begin PBXContainerItemProxy section */
		623EB13C26A167BE000628CB /* PBXContainerItemProxy */ = {
			isa = PBXContainerItemProxy;
			containerPortal = 623EB11C26A167BC000628CB /* Project object */;
			proxyType = 1;
			remoteGlobalIDString = 623EB12326A167BC000628CB;
			remoteInfo = "Durian Run";
		};
		623EB14726A167BE000628CB /* PBXContainerItemProxy */ = {
			isa = PBXContainerItemProxy;
			containerPortal = 623EB11C26A167BC000628CB /* Project object */;
			proxyType = 1;
			remoteGlobalIDString = 623EB12326A167BC000628CB;
			remoteInfo = "Durian Run";
		};
/* End PBXContainerItemProxy section */

/* Begin PBXFileReference section */
		623EB12426A167BC000628CB /* Durian Run.app */ = {isa = PBXFileReference; explicitFileType = wrapper.application; includeInIndex = 0; path = "Durian Run.app"; sourceTree = BUILT_PRODUCTS_DIR; };
		623EB12726A167BC000628CB /* AppDelegate.swift */ = {isa = PBXFileReference; lastKnownFileType = sourcecode.swift; path = AppDelegate.swift; sourceTree = "<group>"; };
		623EB12926A167BC000628CB /* GameScene.sks */ = {isa = PBXFileReference; lastKnownFileType = file.sks; path = GameScene.sks; sourceTree = "<group>"; };
		623EB12B26A167BC000628CB /* Actions.sks */ = {isa = PBXFileReference; lastKnownFileType = file.sks; path = Actions.sks; sourceTree = "<group>"; };
		623EB12D26A167BC000628CB /* GameScene.swift */ = {isa = PBXFileReference; lastKnownFileType = sourcecode.swift; path = GameScene.swift; sourceTree = "<group>"; };
		623EB12F26A167BC000628CB /* GameViewController.swift */ = {isa = PBXFileReference; lastKnownFileType = sourcecode.swift; path = GameViewController.swift; sourceTree = "<group>"; };
		623EB13226A167BC000628CB /* Base */ = {isa = PBXFileReference; lastKnownFileType = file.storyboard; name = Base; path = Base.lproj/Main.storyboard; sourceTree = "<group>"; };
		623EB13426A167BE000628CB /* Assets.xcassets */ = {isa = PBXFileReference; lastKnownFileType = folder.assetcatalog; path = Assets.xcassets; sourceTree = "<group>"; };
		623EB13626A167BE000628CB /* Info.plist */ = {isa = PBXFileReference; lastKnownFileType = text.plist.xml; path = Info.plist; sourceTree = "<group>"; };
		623EB13B26A167BE000628CB /* Durian RunTests.xctest */ = {isa = PBXFileReference; explicitFileType = wrapper.cfbundle; includeInIndex = 0; path = "Durian RunTests.xctest"; sourceTree = BUILT_PRODUCTS_DIR; };
		623EB13F26A167BE000628CB /* Durian_RunTests.swift */ = {isa = PBXFileReference; lastKnownFileType = sourcecode.swift; path = Durian_RunTests.swift; sourceTree = "<group>"; };
		623EB14126A167BE000628CB /* Info.plist */ = {isa = PBXFileReference; lastKnownFileType = text.plist.xml; path = Info.plist; sourceTree = "<group>"; };
		623EB14626A167BE000628CB /* Durian RunUITests.xctest */ = {isa = PBXFileReference; explicitFileType = wrapper.cfbundle; includeInIndex = 0; path = "Durian RunUITests.xctest"; sourceTree = BUILT_PRODUCTS_DIR; };
		623EB14A26A167BE000628CB /* Durian_RunUITests.swift */ = {isa = PBXFileReference; lastKnownFileType = sourcecode.swift; path = Durian_RunUITests.swift; sourceTree = "<group>"; };
		623EB14C26A167BE000628CB /* Info.plist */ = {isa = PBXFileReference; lastKnownFileType = text.plist.xml; path = Info.plist; sourceTree = "<group>"; };
		623EB15826A16844000628CB /* NormalRun.atlas */ = {isa = PBXFileReference; lastKnownFileType = folder.skatlas; path = NormalRun.atlas; sourceTree = "<group>"; };
		623EB15A26A16860000628CB /* AbsorbRun.atlas */ = {isa = PBXFileReference; lastKnownFileType = folder.skatlas; path = AbsorbRun.atlas; sourceTree = "<group>"; };
		623EB15C26A16878000628CB /* BoostRun.atlas */ = {isa = PBXFileReference; lastKnownFileType = folder.skatlas; path = BoostRun.atlas; sourceTree = "<group>"; };
		623EB15E26A16B0B000628CB /* Durian.swift */ = {isa = PBXFileReference; lastKnownFileType = sourcecode.swift; path = Durian.swift; sourceTree = "<group>"; };
		623EB16026A17D50000628CB /* Platform.swift */ = {isa = PBXFileReference; lastKnownFileType = sourcecode.swift; path = Platform.swift; sourceTree = "<group>"; };
		623EB16226A187D4000628CB /* HitMask.swift */ = {isa = PBXFileReference; lastKnownFileType = sourcecode.swift; path = HitMask.swift; sourceTree = "<group>"; };
		623EB16626A52627000628CB /* Button.swift */ = {isa = PBXFileReference; lastKnownFileType = sourcecode.swift; path = Button.swift; sourceTree = "<group>"; };
		623EB16826A5406D000628CB /* StatusBar.swift */ = {isa = PBXFileReference; lastKnownFileType = sourcecode.swift; path = StatusBar.swift; sourceTree = "<group>"; };
		623EB16C26A54BFD000628CB /* GameOverScene.swift */ = {isa = PBXFileReference; lastKnownFileType = sourcecode.swift; path = GameOverScene.swift; sourceTree = "<group>"; };
		623EB16E26A54CDF000628CB /* MenuScene.swift */ = {isa = PBXFileReference; lastKnownFileType = sourcecode.swift; path = MenuScene.swift; sourceTree = "<group>"; };
		623EB17526A66A3A000628CB /* Sun.swift */ = {isa = PBXFileReference; lastKnownFileType = sourcecode.swift; path = Sun.swift; sourceTree = "<group>"; };
		6270E11126A67FC300011319 /* Factory.swift */ = {isa = PBXFileReference; lastKnownFileType = sourcecode.swift; path = Factory.swift; sourceTree = "<group>"; };
		6270E11326A6B31800011319 /* Enemy.swift */ = {isa = PBXFileReference; lastKnownFileType = sourcecode.swift; path = Enemy.swift; sourceTree = "<group>"; };
		6270E11626A6B61800011319 /* Collectable.swift */ = {isa = PBXFileReference; lastKnownFileType = sourcecode.swift; path = Collectable.swift; sourceTree = "<group>"; };
		6270E11826A6BA5C00011319 /* Fertilizer.swift */ = {isa = PBXFileReference; lastKnownFileType = sourcecode.swift; path = Fertilizer.swift; sourceTree = "<group>"; };
		6270E11A26A7BBD000011319 /* Bug.swift */ = {isa = PBXFileReference; lastKnownFileType = sourcecode.swift; path = Bug.swift; sourceTree = "<group>"; };
		6270E12126A976B800011319 /* Chaser.swift */ = {isa = PBXFileReference; lastKnownFileType = sourcecode.swift; path = Chaser.swift; sourceTree = "<group>"; };
		6270E12326AA9D5600011319 /* Supply.swift */ = {isa = PBXFileReference; lastKnownFileType = sourcecode.swift; path = Supply.swift; sourceTree = "<group>"; };
		6270E12526ABB9A100011319 /* Boundary.swift */ = {isa = PBXFileReference; lastKnownFileType = sourcecode.swift; path = Boundary.swift; sourceTree = "<group>"; };
		629301A826AE47AA00A087DA /* SeasonInfo.swift */ = {isa = PBXFileReference; lastKnownFileType = sourcecode.swift; path = SeasonInfo.swift; sourceTree = "<group>"; };
		629301AB26AEB70600A087DA /* StartMenuScene.swift */ = {isa = PBXFileReference; lastKnownFileType = sourcecode.swift; path = StartMenuScene.swift; sourceTree = "<group>"; };
		62CF787226B154F900E573ED /* jump.mp3 */ = {isa = PBXFileReference; lastKnownFileType = audio.mp3; path = jump.mp3; sourceTree = "<group>"; };
		62CF787326B154F900E573ED /* run.mp3 */ = {isa = PBXFileReference; lastKnownFileType = audio.mp3; path = run.mp3; sourceTree = "<group>"; };
		62CF787426B154FA00E573ED /* skywave.wav */ = {isa = PBXFileReference; lastKnownFileType = audio.wav; path = skywave.wav; sourceTree = "<group>"; };
		62CF787826B2404800E573ED /* sword-attack.wav */ = {isa = PBXFileReference; lastKnownFileType = audio.wav; path = "sword-attack.wav"; sourceTree = "<group>"; };
		62CF787A26B242CE00E573ED /* powerup.wav */ = {isa = PBXFileReference; lastKnownFileType = audio.wav; path = powerup.wav; sourceTree = "<group>"; };
		62CF787C26B2891B00E573ED /* Fly.swift */ = {isa = PBXFileReference; lastKnownFileType = sourcecode.swift; path = Fly.swift; sourceTree = "<group>"; };
		62CF788026B2988F00E573ED /* switch.wav */ = {isa = PBXFileReference; lastKnownFileType = audio.wav; path = switch.wav; sourceTree = "<group>"; };
		C64B299026A8326B006A1FEB /* Extension_1.swift */ = {isa = PBXFileReference; lastKnownFileType = sourcecode.swift; path = Extension_1.swift; sourceTree = "<group>"; };
		C64B299226A83289006A1FEB /* Extension_2.swift */ = {isa = PBXFileReference; lastKnownFileType = sourcecode.swift; path = Extension_2.swift; sourceTree = "<group>"; };
		C64B29D126A9213B006A1FEB /* Rain.swift */ = {isa = PBXFileReference; lastKnownFileType = sourcecode.swift; path = Rain.swift; sourceTree = "<group>"; };
		C6A5A8C326B29FFD0025B2B4 /* ViewController.swift */ = {isa = PBXFileReference; lastKnownFileType = sourcecode.swift; path = ViewController.swift; sourceTree = "<group>"; };
/* End PBXFileReference section */

/* Begin PBXFrameworksBuildPhase section */
		623EB12126A167BC000628CB /* Frameworks */ = {
			isa = PBXFrameworksBuildPhase;
			buildActionMask = 2147483647;
			files = (
			);
			runOnlyForDeploymentPostprocessing = 0;
		};
		623EB13826A167BE000628CB /* Frameworks */ = {
			isa = PBXFrameworksBuildPhase;
			buildActionMask = 2147483647;
			files = (
			);
			runOnlyForDeploymentPostprocessing = 0;
		};
		623EB14326A167BE000628CB /* Frameworks */ = {
			isa = PBXFrameworksBuildPhase;
			buildActionMask = 2147483647;
			files = (
			);
			runOnlyForDeploymentPostprocessing = 0;
		};
/* End PBXFrameworksBuildPhase section */

/* Begin PBXGroup section */
		623EB11B26A167BC000628CB = {
			isa = PBXGroup;
			children = (
				623EB12626A167BC000628CB /* Durian Run */,
				623EB13E26A167BE000628CB /* Durian RunTests */,
				623EB14926A167BE000628CB /* Durian RunUITests */,
				623EB12526A167BC000628CB /* Products */,
			);
			sourceTree = "<group>";
		};
		623EB12526A167BC000628CB /* Products */ = {
			isa = PBXGroup;
			children = (
				623EB12426A167BC000628CB /* Durian Run.app */,
				623EB13B26A167BE000628CB /* Durian RunTests.xctest */,
				623EB14626A167BE000628CB /* Durian RunUITests.xctest */,
			);
			name = Products;
			sourceTree = "<group>";
		};
		623EB12626A167BC000628CB /* Durian Run */ = {
			isa = PBXGroup;
			children = (
				629301AF26B10B3400A087DA /* Sounds */,
				629301AA26AEAA7200A087DA /* Helps & Extensions */,
				623EB17826A66A50000628CB /* Nodes */,
				623EB17026A54CF4000628CB /* Scenes */,
				623EB15C26A16878000628CB /* BoostRun.atlas */,
				623EB15A26A16860000628CB /* AbsorbRun.atlas */,
				623EB15826A16844000628CB /* NormalRun.atlas */,
				623EB12B26A167BC000628CB /* Actions.sks */,
				623EB13126A167BC000628CB /* Main.storyboard */,
				623EB13426A167BE000628CB /* Assets.xcassets */,
				623EB13626A167BE000628CB /* Info.plist */,
			);
			path = "Durian Run";
			sourceTree = "<group>";
		};
		623EB13E26A167BE000628CB /* Durian RunTests */ = {
			isa = PBXGroup;
			children = (
				623EB13F26A167BE000628CB /* Durian_RunTests.swift */,
				623EB14126A167BE000628CB /* Info.plist */,
			);
			path = "Durian RunTests";
			sourceTree = "<group>";
		};
		623EB14926A167BE000628CB /* Durian RunUITests */ = {
			isa = PBXGroup;
			children = (
				623EB14A26A167BE000628CB /* Durian_RunUITests.swift */,
				623EB14C26A167BE000628CB /* Info.plist */,
			);
			path = "Durian RunUITests";
			sourceTree = "<group>";
		};
		623EB17026A54CF4000628CB /* Scenes */ = {
			isa = PBXGroup;
			children = (
				623EB16E26A54CDF000628CB /* MenuScene.swift */,
				623EB12D26A167BC000628CB /* GameScene.swift */,
				623EB16C26A54BFD000628CB /* GameOverScene.swift */,
				629301AB26AEB70600A087DA /* StartMenuScene.swift */,
				623EB12926A167BC000628CB /* GameScene.sks */,
			);
			path = Scenes;
			sourceTree = "<group>";
		};
		623EB17826A66A50000628CB /* Nodes */ = {
			isa = PBXGroup;
			children = (
				6270E11F26A7BC1F00011319 /* Enemies */,
				6270E11E26A7BC0600011319 /* Collectables */,
				6270E11D26A7BBF200011319 /* UI */,
				6270E11C26A7BBDB00011319 /* Environment */,
				623EB15E26A16B0B000628CB /* Durian.swift */,
				623EB16026A17D50000628CB /* Platform.swift */,
				6270E12526ABB9A100011319 /* Boundary.swift */,
			);
			path = Nodes;
			sourceTree = "<group>";
		};
		6270E11C26A7BBDB00011319 /* Environment */ = {
			isa = PBXGroup;
			children = (
				623EB17526A66A3A000628CB /* Sun.swift */,
				6270E11126A67FC300011319 /* Factory.swift */,
				C64B29D126A9213B006A1FEB /* Rain.swift */,
			);
			path = Environment;
			sourceTree = "<group>";
		};
		6270E11D26A7BBF200011319 /* UI */ = {
			isa = PBXGroup;
			children = (
				623EB16826A5406D000628CB /* StatusBar.swift */,
				623EB16626A52627000628CB /* Button.swift */,
			);
			path = UI;
			sourceTree = "<group>";
		};
		6270E11E26A7BC0600011319 /* Collectables */ = {
			isa = PBXGroup;
			children = (
				6270E11626A6B61800011319 /* Collectable.swift */,
				6270E11826A6BA5C00011319 /* Fertilizer.swift */,
				6270E12326AA9D5600011319 /* Supply.swift */,
			);
			path = Collectables;
			sourceTree = "<group>";
		};
		6270E11F26A7BC1F00011319 /* Enemies */ = {
			isa = PBXGroup;
			children = (
				6270E11A26A7BBD000011319 /* Bug.swift */,
				6270E11326A6B31800011319 /* Enemy.swift */,
				6270E12126A976B800011319 /* Chaser.swift */,
				62CF787C26B2891B00E573ED /* Fly.swift */,
			);
			path = Enemies;
			sourceTree = "<group>";
		};
		629301AA26AEAA7200A087DA /* Helps & Extensions */ = {
			isa = PBXGroup;
			children = (
				623EB12726A167BC000628CB /* AppDelegate.swift */,
				623EB16226A187D4000628CB /* HitMask.swift */,
				623EB12F26A167BC000628CB /* GameViewController.swift */,
				C6A5A8C326B29FFD0025B2B4 /* ViewController.swift */,
				629301A826AE47AA00A087DA /* SeasonInfo.swift */,
				C64B299026A8326B006A1FEB /* Extension_1.swift */,
				C64B299226A83289006A1FEB /* Extension_2.swift */,
			);
			path = "Helps & Extensions";
			sourceTree = "<group>";
		};
		629301AF26B10B3400A087DA /* Sounds */ = {
			isa = PBXGroup;
			children = (
				62CF788026B2988F00E573ED /* switch.wav */,
				62CF787A26B242CE00E573ED /* powerup.wav */,
				62CF787826B2404800E573ED /* sword-attack.wav */,
				62CF787226B154F900E573ED /* jump.mp3 */,
				62CF787326B154F900E573ED /* run.mp3 */,
				62CF787426B154FA00E573ED /* skywave.wav */,
			);
			path = Sounds;
			sourceTree = "<group>";
		};
/* End PBXGroup section */

/* Begin PBXNativeTarget section */
		623EB12326A167BC000628CB /* Durian Run */ = {
			isa = PBXNativeTarget;
			buildConfigurationList = 623EB14F26A167BE000628CB /* Build configuration list for PBXNativeTarget "Durian Run" */;
			buildPhases = (
				623EB12026A167BC000628CB /* Sources */,
				623EB12126A167BC000628CB /* Frameworks */,
				623EB12226A167BC000628CB /* Resources */,
			);
			buildRules = (
			);
			dependencies = (
			);
			name = "Durian Run";
			productName = "Durian Run";
			productReference = 623EB12426A167BC000628CB /* Durian Run.app */;
			productType = "com.apple.product-type.application";
		};
		623EB13A26A167BE000628CB /* Durian RunTests */ = {
			isa = PBXNativeTarget;
			buildConfigurationList = 623EB15226A167BE000628CB /* Build configuration list for PBXNativeTarget "Durian RunTests" */;
			buildPhases = (
				623EB13726A167BE000628CB /* Sources */,
				623EB13826A167BE000628CB /* Frameworks */,
				623EB13926A167BE000628CB /* Resources */,
			);
			buildRules = (
			);
			dependencies = (
				623EB13D26A167BE000628CB /* PBXTargetDependency */,
			);
			name = "Durian RunTests";
			productName = "Durian RunTests";
			productReference = 623EB13B26A167BE000628CB /* Durian RunTests.xctest */;
			productType = "com.apple.product-type.bundle.unit-test";
		};
		623EB14526A167BE000628CB /* Durian RunUITests */ = {
			isa = PBXNativeTarget;
			buildConfigurationList = 623EB15526A167BE000628CB /* Build configuration list for PBXNativeTarget "Durian RunUITests" */;
			buildPhases = (
				623EB14226A167BE000628CB /* Sources */,
				623EB14326A167BE000628CB /* Frameworks */,
				623EB14426A167BE000628CB /* Resources */,
			);
			buildRules = (
			);
			dependencies = (
				623EB14826A167BE000628CB /* PBXTargetDependency */,
			);
			name = "Durian RunUITests";
			productName = "Durian RunUITests";
			productReference = 623EB14626A167BE000628CB /* Durian RunUITests.xctest */;
			productType = "com.apple.product-type.bundle.ui-testing";
		};
/* End PBXNativeTarget section */

/* Begin PBXProject section */
		623EB11C26A167BC000628CB /* Project object */ = {
			isa = PBXProject;
			attributes = {
				LastSwiftUpdateCheck = 1250;
				LastUpgradeCheck = 1250;
				TargetAttributes = {
					623EB12326A167BC000628CB = {
						CreatedOnToolsVersion = 12.5;
					};
					623EB13A26A167BE000628CB = {
						CreatedOnToolsVersion = 12.5;
						TestTargetID = 623EB12326A167BC000628CB;
					};
					623EB14526A167BE000628CB = {
						CreatedOnToolsVersion = 12.5;
						TestTargetID = 623EB12326A167BC000628CB;
					};
				};
			};
			buildConfigurationList = 623EB11F26A167BC000628CB /* Build configuration list for PBXProject "Durian Run" */;
			compatibilityVersion = "Xcode 9.3";
			developmentRegion = en;
			hasScannedForEncodings = 0;
			knownRegions = (
				en,
				Base,
			);
			mainGroup = 623EB11B26A167BC000628CB;
			productRefGroup = 623EB12526A167BC000628CB /* Products */;
			projectDirPath = "";
			projectRoot = "";
			targets = (
				623EB12326A167BC000628CB /* Durian Run */,
				623EB13A26A167BE000628CB /* Durian RunTests */,
				623EB14526A167BE000628CB /* Durian RunUITests */,
			);
		};
/* End PBXProject section */

/* Begin PBXResourcesBuildPhase section */
		623EB12226A167BC000628CB /* Resources */ = {
			isa = PBXResourcesBuildPhase;
			buildActionMask = 2147483647;
			files = (
				62CF787926B2404800E573ED /* sword-attack.wav in Resources */,
				623EB13326A167BC000628CB /* Main.storyboard in Resources */,
				623EB15926A16844000628CB /* NormalRun.atlas in Resources */,
				62CF787526B154FA00E573ED /* jump.mp3 in Resources */,
				62CF787B26B242CE00E573ED /* powerup.wav in Resources */,
				62CF787626B154FA00E573ED /* run.mp3 in Resources */,
				623EB12A26A167BC000628CB /* GameScene.sks in Resources */,
				623EB15D26A16878000628CB /* BoostRun.atlas in Resources */,
				62CF788126B2988F00E573ED /* switch.wav in Resources */,
				623EB13526A167BE000628CB /* Assets.xcassets in Resources */,
				62CF787726B154FA00E573ED /* skywave.wav in Resources */,
				623EB15B26A16860000628CB /* AbsorbRun.atlas in Resources */,
				623EB12C26A167BC000628CB /* Actions.sks in Resources */,
			);
			runOnlyForDeploymentPostprocessing = 0;
		};
		623EB13926A167BE000628CB /* Resources */ = {
			isa = PBXResourcesBuildPhase;
			buildActionMask = 2147483647;
			files = (
			);
			runOnlyForDeploymentPostprocessing = 0;
		};
		623EB14426A167BE000628CB /* Resources */ = {
			isa = PBXResourcesBuildPhase;
			buildActionMask = 2147483647;
			files = (
			);
			runOnlyForDeploymentPostprocessing = 0;
		};
/* End PBXResourcesBuildPhase section */

/* Begin PBXSourcesBuildPhase section */
		623EB12026A167BC000628CB /* Sources */ = {
			isa = PBXSourcesBuildPhase;
			buildActionMask = 2147483647;
			files = (
				629301AC26AEB70600A087DA /* StartMenuScene.swift in Sources */,
				6270E12426AA9D5600011319 /* Supply.swift in Sources */,
				629301A926AE47AA00A087DA /* SeasonInfo.swift in Sources */,
				C64B29D226A9213B006A1FEB /* Rain.swift in Sources */,
				6270E12226A976B800011319 /* Chaser.swift in Sources */,
				6270E12626ABB9A100011319 /* Boundary.swift in Sources */,
				62CF787D26B2891B00E573ED /* Fly.swift in Sources */,
				623EB16726A52627000628CB /* Button.swift in Sources */,
				C6A5A8C426B29FFD0025B2B4 /* ViewController.swift in Sources */,
				623EB16126A17D50000628CB /* Platform.swift in Sources */,
				6270E11B26A7BBD000011319 /* Bug.swift in Sources */,
				C64B299326A83289006A1FEB /* Extension_2.swift in Sources */,
				C64B299126A8326B006A1FEB /* Extension_1.swift in Sources */,
				6270E11926A6BA5C00011319 /* Fertilizer.swift in Sources */,
				6270E11426A6B31800011319 /* Enemy.swift in Sources */,
				623EB12E26A167BC000628CB /* GameScene.swift in Sources */,
				623EB17626A66A3A000628CB /* Sun.swift in Sources */,
				623EB16926A5406D000628CB /* StatusBar.swift in Sources */,
				623EB13026A167BC000628CB /* GameViewController.swift in Sources */,
				623EB15F26A16B0B000628CB /* Durian.swift in Sources */,
				623EB12826A167BC000628CB /* AppDelegate.swift in Sources */,
				6270E11226A67FC300011319 /* Factory.swift in Sources */,
				623EB16F26A54CDF000628CB /* MenuScene.swift in Sources */,
				623EB16D26A54BFD000628CB /* GameOverScene.swift in Sources */,
				6270E11726A6B61800011319 /* Collectable.swift in Sources */,
				623EB16326A187D4000628CB /* HitMask.swift in Sources */,
			);
			runOnlyForDeploymentPostprocessing = 0;
		};
		623EB13726A167BE000628CB /* Sources */ = {
			isa = PBXSourcesBuildPhase;
			buildActionMask = 2147483647;
			files = (
				623EB14026A167BE000628CB /* Durian_RunTests.swift in Sources */,
			);
			runOnlyForDeploymentPostprocessing = 0;
		};
		623EB14226A167BE000628CB /* Sources */ = {
			isa = PBXSourcesBuildPhase;
			buildActionMask = 2147483647;
			files = (
				623EB14B26A167BE000628CB /* Durian_RunUITests.swift in Sources */,
			);
			runOnlyForDeploymentPostprocessing = 0;
		};
/* End PBXSourcesBuildPhase section */

/* Begin PBXTargetDependency section */
		623EB13D26A167BE000628CB /* PBXTargetDependency */ = {
			isa = PBXTargetDependency;
			target = 623EB12326A167BC000628CB /* Durian Run */;
			targetProxy = 623EB13C26A167BE000628CB /* PBXContainerItemProxy */;
		};
		623EB14826A167BE000628CB /* PBXTargetDependency */ = {
			isa = PBXTargetDependency;
			target = 623EB12326A167BC000628CB /* Durian Run */;
			targetProxy = 623EB14726A167BE000628CB /* PBXContainerItemProxy */;
		};
/* End PBXTargetDependency section */

/* Begin PBXVariantGroup section */
		623EB13126A167BC000628CB /* Main.storyboard */ = {
			isa = PBXVariantGroup;
			children = (
				623EB13226A167BC000628CB /* Base */,
			);
			name = Main.storyboard;
			sourceTree = "<group>";
		};
/* End PBXVariantGroup section */

/* Begin XCBuildConfiguration section */
		623EB14D26A167BE000628CB /* Debug */ = {
			isa = XCBuildConfiguration;
			buildSettings = {
				ALWAYS_SEARCH_USER_PATHS = NO;
				CLANG_ANALYZER_NONNULL = YES;
				CLANG_ANALYZER_NUMBER_OBJECT_CONVERSION = YES_AGGRESSIVE;
				CLANG_CXX_LANGUAGE_STANDARD = "gnu++14";
				CLANG_CXX_LIBRARY = "libc++";
				CLANG_ENABLE_MODULES = YES;
				CLANG_ENABLE_OBJC_ARC = YES;
				CLANG_ENABLE_OBJC_WEAK = YES;
				CLANG_WARN_BLOCK_CAPTURE_AUTORELEASING = YES;
				CLANG_WARN_BOOL_CONVERSION = YES;
				CLANG_WARN_COMMA = YES;
				CLANG_WARN_CONSTANT_CONVERSION = YES;
				CLANG_WARN_DEPRECATED_OBJC_IMPLEMENTATIONS = YES;
				CLANG_WARN_DIRECT_OBJC_ISA_USAGE = YES_ERROR;
				CLANG_WARN_DOCUMENTATION_COMMENTS = YES;
				CLANG_WARN_EMPTY_BODY = YES;
				CLANG_WARN_ENUM_CONVERSION = YES;
				CLANG_WARN_INFINITE_RECURSION = YES;
				CLANG_WARN_INT_CONVERSION = YES;
				CLANG_WARN_NON_LITERAL_NULL_CONVERSION = YES;
				CLANG_WARN_OBJC_IMPLICIT_RETAIN_SELF = YES;
				CLANG_WARN_OBJC_LITERAL_CONVERSION = YES;
				CLANG_WARN_OBJC_ROOT_CLASS = YES_ERROR;
				CLANG_WARN_QUOTED_INCLUDE_IN_FRAMEWORK_HEADER = YES;
				CLANG_WARN_RANGE_LOOP_ANALYSIS = YES;
				CLANG_WARN_STRICT_PROTOTYPES = YES;
				CLANG_WARN_SUSPICIOUS_MOVE = YES;
				CLANG_WARN_UNGUARDED_AVAILABILITY = YES_AGGRESSIVE;
				CLANG_WARN_UNREACHABLE_CODE = YES;
				CLANG_WARN__DUPLICATE_METHOD_MATCH = YES;
				COPY_PHASE_STRIP = NO;
				DEBUG_INFORMATION_FORMAT = dwarf;
				ENABLE_STRICT_OBJC_MSGSEND = YES;
				ENABLE_TESTABILITY = YES;
				GCC_C_LANGUAGE_STANDARD = gnu11;
				GCC_DYNAMIC_NO_PIC = NO;
				GCC_NO_COMMON_BLOCKS = YES;
				GCC_OPTIMIZATION_LEVEL = 0;
				GCC_PREPROCESSOR_DEFINITIONS = (
					"DEBUG=1",
					"$(inherited)",
				);
				GCC_WARN_64_TO_32_BIT_CONVERSION = YES;
				GCC_WARN_ABOUT_RETURN_TYPE = YES_ERROR;
				GCC_WARN_UNDECLARED_SELECTOR = YES;
				GCC_WARN_UNINITIALIZED_AUTOS = YES_AGGRESSIVE;
				GCC_WARN_UNUSED_FUNCTION = YES;
				GCC_WARN_UNUSED_VARIABLE = YES;
				IPHONEOS_DEPLOYMENT_TARGET = 14.5;
				MTL_ENABLE_DEBUG_INFO = INCLUDE_SOURCE;
				MTL_FAST_MATH = YES;
				ONLY_ACTIVE_ARCH = YES;
				SDKROOT = iphoneos;
				SWIFT_ACTIVE_COMPILATION_CONDITIONS = DEBUG;
				SWIFT_OPTIMIZATION_LEVEL = "-Onone";
			};
			name = Debug;
		};
		623EB14E26A167BE000628CB /* Release */ = {
			isa = XCBuildConfiguration;
			buildSettings = {
				ALWAYS_SEARCH_USER_PATHS = NO;
				CLANG_ANALYZER_NONNULL = YES;
				CLANG_ANALYZER_NUMBER_OBJECT_CONVERSION = YES_AGGRESSIVE;
				CLANG_CXX_LANGUAGE_STANDARD = "gnu++14";
				CLANG_CXX_LIBRARY = "libc++";
				CLANG_ENABLE_MODULES = YES;
				CLANG_ENABLE_OBJC_ARC = YES;
				CLANG_ENABLE_OBJC_WEAK = YES;
				CLANG_WARN_BLOCK_CAPTURE_AUTORELEASING = YES;
				CLANG_WARN_BOOL_CONVERSION = YES;
				CLANG_WARN_COMMA = YES;
				CLANG_WARN_CONSTANT_CONVERSION = YES;
				CLANG_WARN_DEPRECATED_OBJC_IMPLEMENTATIONS = YES;
				CLANG_WARN_DIRECT_OBJC_ISA_USAGE = YES_ERROR;
				CLANG_WARN_DOCUMENTATION_COMMENTS = YES;
				CLANG_WARN_EMPTY_BODY = YES;
				CLANG_WARN_ENUM_CONVERSION = YES;
				CLANG_WARN_INFINITE_RECURSION = YES;
				CLANG_WARN_INT_CONVERSION = YES;
				CLANG_WARN_NON_LITERAL_NULL_CONVERSION = YES;
				CLANG_WARN_OBJC_IMPLICIT_RETAIN_SELF = YES;
				CLANG_WARN_OBJC_LITERAL_CONVERSION = YES;
				CLANG_WARN_OBJC_ROOT_CLASS = YES_ERROR;
				CLANG_WARN_QUOTED_INCLUDE_IN_FRAMEWORK_HEADER = YES;
				CLANG_WARN_RANGE_LOOP_ANALYSIS = YES;
				CLANG_WARN_STRICT_PROTOTYPES = YES;
				CLANG_WARN_SUSPICIOUS_MOVE = YES;
				CLANG_WARN_UNGUARDED_AVAILABILITY = YES_AGGRESSIVE;
				CLANG_WARN_UNREACHABLE_CODE = YES;
				CLANG_WARN__DUPLICATE_METHOD_MATCH = YES;
				COPY_PHASE_STRIP = NO;
				DEBUG_INFORMATION_FORMAT = "dwarf-with-dsym";
				ENABLE_NS_ASSERTIONS = NO;
				ENABLE_STRICT_OBJC_MSGSEND = YES;
				GCC_C_LANGUAGE_STANDARD = gnu11;
				GCC_NO_COMMON_BLOCKS = YES;
				GCC_WARN_64_TO_32_BIT_CONVERSION = YES;
				GCC_WARN_ABOUT_RETURN_TYPE = YES_ERROR;
				GCC_WARN_UNDECLARED_SELECTOR = YES;
				GCC_WARN_UNINITIALIZED_AUTOS = YES_AGGRESSIVE;
				GCC_WARN_UNUSED_FUNCTION = YES;
				GCC_WARN_UNUSED_VARIABLE = YES;
				IPHONEOS_DEPLOYMENT_TARGET = 14.5;
				MTL_ENABLE_DEBUG_INFO = NO;
				MTL_FAST_MATH = YES;
				SDKROOT = iphoneos;
				SWIFT_COMPILATION_MODE = wholemodule;
				SWIFT_OPTIMIZATION_LEVEL = "-O";
				VALIDATE_PRODUCT = YES;
			};
			name = Release;
		};
		623EB15026A167BE000628CB /* Debug */ = {
			isa = XCBuildConfiguration;
			buildSettings = {
				ASSETCATALOG_COMPILER_APPICON_NAME = AppIcon;
				ASSETCATALOG_COMPILER_GLOBAL_ACCENT_COLOR_NAME = AccentColor;
				CODE_SIGN_IDENTITY = "Apple Development";
				CODE_SIGN_STYLE = Automatic;
				DEVELOPMENT_TEAM = 5RP3YJ7VKV;
				INFOPLIST_FILE = "Durian Run/Info.plist";
				LD_RUNPATH_SEARCH_PATHS = (
					"$(inherited)",
					"@executable_path/Frameworks",
				);
				PRODUCT_BUNDLE_IDENTIFIER = "Lin.Durian-Run";
				PRODUCT_NAME = "$(TARGET_NAME)";
				PROVISIONING_PROFILE_SPECIFIER = "";
				SWIFT_VERSION = 5.0;
				TARGETED_DEVICE_FAMILY = "1,2";
			};
			name = Debug;
		};
		623EB15126A167BE000628CB /* Release */ = {
			isa = XCBuildConfiguration;
			buildSettings = {
				ASSETCATALOG_COMPILER_APPICON_NAME = AppIcon;
				ASSETCATALOG_COMPILER_GLOBAL_ACCENT_COLOR_NAME = AccentColor;
				CODE_SIGN_STYLE = Automatic;
				DEVELOPMENT_TEAM = 5RP3YJ7VKV;
				INFOPLIST_FILE = "Durian Run/Info.plist";
				LD_RUNPATH_SEARCH_PATHS = (
					"$(inherited)",
					"@executable_path/Frameworks",
				);
				PRODUCT_BUNDLE_IDENTIFIER = "Lin.Durian-Run";
				PRODUCT_NAME = "$(TARGET_NAME)";
				SWIFT_VERSION = 5.0;
				TARGETED_DEVICE_FAMILY = "1,2";
			};
			name = Release;
		};
		623EB15326A167BE000628CB /* Debug */ = {
			isa = XCBuildConfiguration;
			buildSettings = {
				ALWAYS_EMBED_SWIFT_STANDARD_LIBRARIES = YES;
				BUNDLE_LOADER = "$(TEST_HOST)";
				CODE_SIGN_STYLE = Automatic;
				DEVELOPMENT_TEAM = 5RP3YJ7VKV;
				INFOPLIST_FILE = "Durian RunTests/Info.plist";
				IPHONEOS_DEPLOYMENT_TARGET = 14.5;
				LD_RUNPATH_SEARCH_PATHS = (
					"$(inherited)",
					"@executable_path/Frameworks",
					"@loader_path/Frameworks",
				);
				PRODUCT_BUNDLE_IDENTIFIER = "Lin.Durian-RunTests";
				PRODUCT_NAME = "$(TARGET_NAME)";
				SWIFT_VERSION = 5.0;
				TARGETED_DEVICE_FAMILY = "1,2";
				TEST_HOST = "$(BUILT_PRODUCTS_DIR)/Durian Run.app/Durian Run";
			};
			name = Debug;
		};
		623EB15426A167BE000628CB /* Release */ = {
			isa = XCBuildConfiguration;
			buildSettings = {
				ALWAYS_EMBED_SWIFT_STANDARD_LIBRARIES = YES;
				BUNDLE_LOADER = "$(TEST_HOST)";
				CODE_SIGN_STYLE = Automatic;
				DEVELOPMENT_TEAM = 5RP3YJ7VKV;
				INFOPLIST_FILE = "Durian RunTests/Info.plist";
				IPHONEOS_DEPLOYMENT_TARGET = 14.5;
				LD_RUNPATH_SEARCH_PATHS = (
					"$(inherited)",
					"@executable_path/Frameworks",
					"@loader_path/Frameworks",
				);
				PRODUCT_BUNDLE_IDENTIFIER = "Lin.Durian-RunTests";
				PRODUCT_NAME = "$(TARGET_NAME)";
				SWIFT_VERSION = 5.0;
				TARGETED_DEVICE_FAMILY = "1,2";
				TEST_HOST = "$(BUILT_PRODUCTS_DIR)/Durian Run.app/Durian Run";
			};
			name = Release;
		};
		623EB15626A167BE000628CB /* Debug */ = {
			isa = XCBuildConfiguration;
			buildSettings = {
				ALWAYS_EMBED_SWIFT_STANDARD_LIBRARIES = YES;
				CODE_SIGN_STYLE = Automatic;
				DEVELOPMENT_TEAM = 5RP3YJ7VKV;
				INFOPLIST_FILE = "Durian RunUITests/Info.plist";
				LD_RUNPATH_SEARCH_PATHS = (
					"$(inherited)",
					"@executable_path/Frameworks",
					"@loader_path/Frameworks",
				);
				PRODUCT_BUNDLE_IDENTIFIER = "Lin.Durian-RunUITests";
				PRODUCT_NAME = "$(TARGET_NAME)";
				SWIFT_VERSION = 5.0;
				TARGETED_DEVICE_FAMILY = "1,2";
				TEST_TARGET_NAME = "Durian Run";
			};
			name = Debug;
		};
		623EB15726A167BE000628CB /* Release */ = {
			isa = XCBuildConfiguration;
			buildSettings = {
				ALWAYS_EMBED_SWIFT_STANDARD_LIBRARIES = YES;
				CODE_SIGN_STYLE = Automatic;
				DEVELOPMENT_TEAM = 5RP3YJ7VKV;
				INFOPLIST_FILE = "Durian RunUITests/Info.plist";
				LD_RUNPATH_SEARCH_PATHS = (
					"$(inherited)",
					"@executable_path/Frameworks",
					"@loader_path/Frameworks",
				);
				PRODUCT_BUNDLE_IDENTIFIER = "Lin.Durian-RunUITests";
				PRODUCT_NAME = "$(TARGET_NAME)";
				SWIFT_VERSION = 5.0;
				TARGETED_DEVICE_FAMILY = "1,2";
				TEST_TARGET_NAME = "Durian Run";
			};
			name = Release;
		};
/* End XCBuildConfiguration section */

/* Begin XCConfigurationList section */
		623EB11F26A167BC000628CB /* Build configuration list for PBXProject "Durian Run" */ = {
			isa = XCConfigurationList;
			buildConfigurations = (
				623EB14D26A167BE000628CB /* Debug */,
				623EB14E26A167BE000628CB /* Release */,
			);
			defaultConfigurationIsVisible = 0;
			defaultConfigurationName = Release;
		};
		623EB14F26A167BE000628CB /* Build configuration list for PBXNativeTarget "Durian Run" */ = {
			isa = XCConfigurationList;
			buildConfigurations = (
				623EB15026A167BE000628CB /* Debug */,
				623EB15126A167BE000628CB /* Release */,
			);
			defaultConfigurationIsVisible = 0;
			defaultConfigurationName = Release;
		};
		623EB15226A167BE000628CB /* Build configuration list for PBXNativeTarget "Durian RunTests" */ = {
			isa = XCConfigurationList;
			buildConfigurations = (
				623EB15326A167BE000628CB /* Debug */,
				623EB15426A167BE000628CB /* Release */,
			);
			defaultConfigurationIsVisible = 0;
			defaultConfigurationName = Release;
		};
		623EB15526A167BE000628CB /* Build configuration list for PBXNativeTarget "Durian RunUITests" */ = {
			isa = XCConfigurationList;
			buildConfigurations = (
				623EB15626A167BE000628CB /* Debug */,
				623EB15726A167BE000628CB /* Release */,
			);
			defaultConfigurationIsVisible = 0;
			defaultConfigurationName = Release;
		};
/* End XCConfigurationList section */
	};
	rootObject = 623EB11C26A167BC000628CB /* Project object */;
}
